
Microsoft Visual Studio Solution File, Format Version 12.00
# Visual Studio Version 17
Project("{8BC9CEB8-8B4A-11D0-8D11-00A0C91BC942}") = "ALL_BUILD", "ALL_BUILD.vcxproj", "{1C5789BB-E175-338F-B7B7-4B023743FB9A}"
	ProjectSection(ProjectDependencies) = postProject
		{601A7D2F-60A3-31C4-BEC6-E2ACDCBE821B} = {601A7D2F-60A3-31C4-BEC6-E2ACDCBE821B}
		{3BBA0623-4B5F-3D00-AC55-85468A03A4D9} = {3BBA0623-4B5F-3D00-AC55-85468A03A4D9}
	EndProjectSection
EndProject
Project("{8BC9CEB8-8B4A-11D0-8D11-00A0C91BC942}") = "ScreenLingo", "ScreenLingo.vcxproj", "{601A7D2F-60A3-31C4-BEC6-E2ACDCBE821B}"
	ProjectSection(ProjectDependencies) = postProject
		{3BBA0623-4B5F-3D00-AC55-85468A03A4D9} = {3BBA0623-4B5F-3D00-AC55-85468A03A4D9}
	EndProjectSection
EndProject
Project("{8BC9CEB8-8B4A-11D0-8D11-00A0C91BC942}") = "ZERO_CHECK", "ZERO_CHECK.vcxproj", "{3BBA0623-4B5F-3D00-AC55-85468A03A4D9}"
	ProjectSection(ProjectDependencies) = postProject
	EndProjectSection
EndProject
Global
	GlobalSection(SolutionConfigurationPlatforms) = preSolution
		Debug|x64 = Debug|x64
		Release|x64 = Release|x64
		MinSizeRel|x64 = MinSizeRel|x64
		RelWithDebInfo|x64 = RelWithDebInfo|x64
	EndGlobalSection
	GlobalSection(ProjectConfigurationPlatforms) = postSolution
		{1C5789BB-E175-338F-B7B7-4B023743FB9A}.Debug|x64.ActiveCfg = Debug|x64
		{1C5789BB-E175-338F-B7B7-4B023743FB9A}.Release|x64.ActiveCfg = Release|x64
		{1C5789BB-E175-338F-B7B7-4B023743FB9A}.MinSizeRel|x64.ActiveCfg = MinSizeRel|x64
		{1C5789BB-E175-338F-B7B7-4B023743FB9A}.RelWithDebInfo|x64.ActiveCfg = RelWithDebInfo|x64
		{601A7D2F-60A3-31C4-BEC6-E2ACDCBE821B}.Debug|x64.ActiveCfg = Debug|x64
		{601A7D2F-60A3-31C4-BEC6-E2ACDCBE821B}.Debug|x64.Build.0 = Debug|x64
		{601A7D2F-60A3-31C4-BEC6-E2ACDCBE821B}.Release|x64.ActiveCfg = Release|x64
		{601A7D2F-60A3-31C4-BEC6-E2ACDCBE821B}.Release|x64.Build.0 = Release|x64
		{601A7D2F-60A3-31C4-BEC6-E2ACDCBE821B}.MinSizeRel|x64.ActiveCfg = MinSizeRel|x64
		{601A7D2F-60A3-31C4-BEC6-E2ACDCBE821B}.MinSizeRel|x64.Build.0 = MinSizeRel|x64
		{601A7D2F-60A3-31C4-BEC6-E2ACDCBE821B}.RelWithDebInfo|x64.ActiveCfg = RelWithDebInfo|x64
		{601A7D2F-60A3-31C4-BEC6-E2ACDCBE821B}.RelWithDebInfo|x64.Build.0 = RelWithDebInfo|x64
		{3BBA0623-4B5F-3D00-AC55-85468A03A4D9}.Debug|x64.ActiveCfg = Debug|x64
		{3BBA0623-4B5F-3D00-AC55-85468A03A4D9}.Debug|x64.Build.0 = Debug|x64
		{3BBA0623-4B5F-3D00-AC55-85468A03A4D9}.Release|x64.ActiveCfg = Release|x64
		{3BBA0623-4B5F-3D00-AC55-85468A03A4D9}.Release|x64.Build.0 = Release|x64
		{3BBA0623-4B5F-3D00-AC55-85468A03A4D9}.MinSizeRel|x64.ActiveCfg = MinSizeRel|x64
		{3BBA0623-4B5F-3D00-AC55-85468A03A4D9}.MinSizeRel|x64.Build.0 = MinSizeRel|x64
		{3BBA0623-4B5F-3D00-AC55-85468A03A4D9}.RelWithDebInfo|x64.ActiveCfg = RelWithDebInfo|x64
		{3BBA0623-4B5F-3D00-AC55-85468A03A4D9}.RelWithDebInfo|x64.Build.0 = RelWithDebInfo|x64
	EndGlobalSection
	GlobalSection(ExtensibilityGlobals) = postSolution
		SolutionGuid = {EFA69E6B-CD8E-3296-83CA-2866E5C539F5}
	EndGlobalSection
	GlobalSection(ExtensibilityAddIns) = postSolution
	EndGlobalSection
EndGlobal
